lockfileVersion: '6.0'

settings:
  autoInstallPeers: true
  excludeLinksFromLockfile: false

dependencies:
  remote-git-tags:
    specifier: ^4.0.0
    version: 4.0.0

packages:

  /remote-git-tags@4.0.0:
    resolution: {integrity: sha512-WfE6JT6ffq3vsh9s2dw4zOQLhIbuaCNKm9+i1+icGA05gGQcETgW5L6vBk8So/RBdb51ozyrMv4HLKdGlyHCgA==}
    engines: {node: ^12.20.0 || ^14.13.1 || >=16.0.0}
    dev: false
